// !$*UTF8*$!
{
	archiveVersion = 1;
	classes = {
	};
	objectVersion = 46;
	objects = {

/* Begin PBXBuildFile section */
		1CCD916C17FED93C00F36560 /* UIKit.framework in Frameworks */ = {isa = PBXBuildFile; fileRef = 1CCD916B17FED93C00F36560 /* UIKit.framework */; };
		1CCD916E17FED93C00F36560 /* Foundation.framework in Frameworks */ = {isa = PBXBuildFile; fileRef = 1CCD916D17FED93C00F36560 /* Foundation.framework */; };
		1CCD917017FED93C00F36560 /* CoreGraphics.framework in Frameworks */ = {isa = PBXBuildFile; fileRef = 1CCD916F17FED93C00F36560 /* CoreGraphics.framework */; };
		1CCD917617FED93C00F36560 /* InfoPlist.strings in Resources */ = {isa = PBXBuildFile; fileRef = 1CCD917417FED93C00F36560 /* InfoPlist.strings */; };
		1CCD917817FED93C00F36560 /* main.m in Sources */ = {isa = PBXBuildFile; fileRef = 1CCD917717FED93C00F36560 /* main.m */; };
		1CCD917C17FED93C00F36560 /* AppDelegate.m in Sources */ = {isa = PBXBuildFile; fileRef = 1CCD917B17FED93C00F36560 /* AppDelegate.m */; };
		1CCD917E17FED93C00F36560 /* Default.png in Resources */ = {isa = PBXBuildFile; fileRef = 1CCD917D17FED93C00F36560 /* Default.png */; };
		1CCD918017FED93C00F36560 /* Default@2x.png in Resources */ = {isa = PBXBuildFile; fileRef = 1CCD917F17FED93C00F36560 /* Default@2x.png */; };
		1CCD918217FED93C00F36560 /* Default-568h@2x.png in Resources */ = {isa = PBXBuildFile; fileRef = 1CCD918117FED93C00F36560 /* Default-568h@2x.png */; };
		1CCD918517FED93C00F36560 /* FirstViewController.m in Sources */ = {isa = PBXBuildFile; fileRef = 1CCD918417FED93C00F36560 /* FirstViewController.m */; };
		1CCD918717FED93C00F36560 /* first.png in Resources */ = {isa = PBXBuildFile; fileRef = 1CCD918617FED93C00F36560 /* first.png */; };
		1CCD918917FED93C00F36560 /* first@2x.png in Resources */ = {isa = PBXBuildFile; fileRef = 1CCD918817FED93C00F36560 /* first@2x.png */; };
		1CCD918C17FED93C00F36560 /* SecondViewController.m in Sources */ = {isa = PBXBuildFile; fileRef = 1CCD918B17FED93C00F36560 /* SecondViewController.m */; };
		1CCD918E17FED93C00F36560 /* second.png in Resources */ = {isa = PBXBuildFile; fileRef = 1CCD918D17FED93C00F36560 /* second.png */; };
		1CCD919017FED93C00F36560 /* second@2x.png in Resources */ = {isa = PBXBuildFile; fileRef = 1CCD918F17FED93C00F36560 /* second@2x.png */; };
		1CCD919317FED93C00F36560 /* FirstViewController.xib in Resources */ = {isa = PBXBuildFile; fileRef = 1CCD919117FED93C00F36560 /* FirstViewController.xib */; };
		1CCD919617FED93C00F36560 /* SecondViewController.xib in Resources */ = {isa = PBXBuildFile; fileRef = 1CCD919417FED93C00F36560 /* SecondViewController.xib */; };
/* End PBXBuildFile section */

/* Begin PBXFileReference section */
		1CCD916817FED93C00F36560 /* JenkinsTest.app */ = {isa = PBXFileReference; explicitFileType = wrapper.application; includeInIndex = 0; path = JenkinsTest.app; sourceTree = BUILT_PRODUCTS_DIR; };
		1CCD916B17FED93C00F36560 /* UIKit.framework */ = {isa = PBXFileReference; lastKnownFileType = wrapper.framework; name = UIKit.framework; path = System/Library/Frameworks/UIKit.framework; sourceTree = SDKROOT; };
		1CCD916D17FED93C00F36560 /* Foundation.framework */ = {isa = PBXFileReference; lastKnownFileType = wrapper.framework; name = Foundation.framework; path = System/Library/Frameworks/Foundation.framework; sourceTree = SDKROOT; };
		1CCD916F17FED93C00F36560 /* CoreGraphics.framework */ = {isa = PBXFileReference; lastKnownFileType = wrapper.framework; name = CoreGraphics.framework; path = System/Library/Frameworks/CoreGraphics.framework; sourceTree = SDKROOT; };
		1CCD917317FED93C00F36560 /* JenkinsTest-Info.plist */ = {isa = PBXFileReference; lastKnownFileType = text.plist.xml; path = "JenkinsTest-Info.plist"; sourceTree = "<group>"; };
		1CCD917517FED93C00F36560 /* en */ = {isa = PBXFileReference; lastKnownFileType = text.plist.strings; name = en; path = en.lproj/InfoPlist.strings; sourceTree = "<group>"; };
		1CCD917717FED93C00F36560 /* main.m */ = {isa = PBXFileReference; lastKnownFileType = sourcecode.c.objc; path = main.m; sourceTree = "<group>"; };
		1CCD917917FED93C00F36560 /* JenkinsTest-Prefix.pch */ = {isa = PBXFileReference; lastKnownFileType = sourcecode.c.h; path = "JenkinsTest-Prefix.pch"; sourceTree = "<group>"; };
		1CCD917A17FED93C00F36560 /* AppDelegate.h */ = {isa = PBXFileReference; lastKnownFileType = sourcecode.c.h; path = AppDelegate.h; sourceTree = "<group>"; };
		1CCD917B17FED93C00F36560 /* AppDelegate.m */ = {isa = PBXFileReference; lastKnownFileType = sourcecode.c.objc; path = AppDelegate.m; sourceTree = "<group>"; };
		1CCD917D17FED93C00F36560 /* Default.png */ = {isa = PBXFileReference; lastKnownFileType = image.png; path = Default.png; sourceTree = "<group>"; };
		1CCD917F17FED93C00F36560 /* Default@2x.png */ = {isa = PBXFileReference; lastKnownFileType = image.png; path = "Default@2x.png"; sourceTree = "<group>"; };
		1CCD918117FED93C00F36560 /* Default-568h@2x.png */ = {isa = PBXFileReference; lastKnownFileType = image.png; path = "Default-568h@2x.png"; sourceTree = "<group>"; };
		1CCD918317FED93C00F36560 /* FirstViewController.h */ = {isa = PBXFileReference; lastKnownFileType = sourcecode.c.h; path = FirstViewController.h; sourceTree = "<group>"; };
		1CCD918417FED93C00F36560 /* FirstViewController.m */ = {isa = PBXFileReference; lastKnownFileType = sourcecode.c.objc; path = FirstViewController.m; sourceTree = "<group>"; };
		1CCD918617FED93C00F36560 /* first.png */ = {isa = PBXFileReference; lastKnownFileType = image.png; path = first.png; sourceTree = "<group>"; };
		1CCD918817FED93C00F36560 /* first@2x.png */ = {isa = PBXFileReference; lastKnownFileType = image.png; path = "first@2x.png"; sourceTree = "<group>"; };
		1CCD918A17FED93C00F36560 /* SecondViewController.h */ = {isa = PBXFileReference; lastKnownFileType = sourcecode.c.h; path = SecondViewController.h; sourceTree = "<group>"; };
		1CCD918B17FED93C00F36560 /* SecondViewController.m */ = {isa = PBXFileReference; lastKnownFileType = sourcecode.c.objc; path = SecondViewController.m; sourceTree = "<group>"; };
		1CCD918D17FED93C00F36560 /* second.png */ = {isa = PBXFileReference; lastKnownFileType = image.png; path = second.png; sourceTree = "<group>"; };
		1CCD918F17FED93C00F36560 /* second@2x.png */ = {isa = PBXFileReference; lastKnownFileType = image.png; path = "second@2x.png"; sourceTree = "<group>"; };
		1CCD919217FED93C00F36560 /* en */ = {isa = PBXFileReference; lastKnownFileType = file.xib; name = en; path = en.lproj/FirstViewController.xib; sourceTree = "<group>"; };
		1CCD919517FED93C00F36560 /* en */ = {isa = PBXFileReference; lastKnownFileType = file.xib; name = en; path = en.lproj/SecondViewController.xib; sourceTree = "<group>"; };
/* End PBXFileReference section */

/* Begin PBXFrameworksBuildPhase section */
		1CCD916517FED93C00F36560 /* Frameworks */ = {
			isa = PBXFrameworksBuildPhase;
			buildActionMask = 2147483647;
			files = (
				1CCD916C17FED93C00F36560 /* UIKit.framework in Frameworks */,
				1CCD916E17FED93C00F36560 /* Foundation.framework in Frameworks */,
				1CCD917017FED93C00F36560 /* CoreGraphics.framework in Frameworks */,
			);
			runOnlyForDeploymentPostprocessing = 0;
		};
/* End PBXFrameworksBuildPhase section */

/* Begin PBXGroup section */
		1CCD915F17FED93C00F36560 = {
			isa = PBXGroup;
			children = (
				1CCD917117FED93C00F36560 /* JenkinsTest */,
				1CCD916A17FED93C00F36560 /* Frameworks */,
				1CCD916917FED93C00F36560 /* Products */,
			);
			sourceTree = "<group>";
		};
		1CCD916917FED93C00F36560 /* Products */ = {
			isa = PBXGroup;
			children = (
				1CCD916817FED93C00F36560 /* JenkinsTest.app */,
			);
			name = Products;
			sourceTree = "<group>";
		};
		1CCD916A17FED93C00F36560 /* Frameworks */ = {
			isa = PBXGroup;
			children = (
				1CCD916B17FED93C00F36560 /* UIKit.framework */,
				1CCD916D17FED93C00F36560 /* Foundation.framework */,
				1CCD916F17FED93C00F36560 /* CoreGraphics.framework */,
			);
			name = Frameworks;
			sourceTree = "<group>";
		};
		1CCD917117FED93C00F36560 /* JenkinsTest */ = {
			isa = PBXGroup;
			children = (
				1CCD917A17FED93C00F36560 /* AppDelegate.h */,
				1CCD917B17FED93C00F36560 /* AppDelegate.m */,
				1CCD918317FED93C00F36560 /* FirstViewController.h */,
				1CCD918417FED93C00F36560 /* FirstViewController.m */,
				1CCD918617FED93C00F36560 /* first.png */,
				1CCD918817FED93C00F36560 /* first@2x.png */,
				1CCD918A17FED93C00F36560 /* SecondViewController.h */,
				1CCD918B17FED93C00F36560 /* SecondViewController.m */,
				1CCD918D17FED93C00F36560 /* second.png */,
				1CCD918F17FED93C00F36560 /* second@2x.png */,
				1CCD919117FED93C00F36560 /* FirstViewController.xib */,
				1CCD919417FED93C00F36560 /* SecondViewController.xib */,
				1CCD917217FED93C00F36560 /* Supporting Files */,
			);
			path = JenkinsTest;
			sourceTree = "<group>";
		};
		1CCD917217FED93C00F36560 /* Supporting Files */ = {
			isa = PBXGroup;
			children = (
				1CCD917317FED93C00F36560 /* JenkinsTest-Info.plist */,
				1CCD917417FED93C00F36560 /* InfoPlist.strings */,
				1CCD917717FED93C00F36560 /* main.m */,
				1CCD917917FED93C00F36560 /* JenkinsTest-Prefix.pch */,
				1CCD917D17FED93C00F36560 /* Default.png */,
				1CCD917F17FED93C00F36560 /* Default@2x.png */,
				1CCD918117FED93C00F36560 /* Default-568h@2x.png */,
			);
			name = "Supporting Files";
			sourceTree = "<group>";
		};
/* End PBXGroup section */

/* Begin PBXNativeTarget section */
		1CCD916717FED93C00F36560 /* JenkinsTest */ = {
			isa = PBXNativeTarget;
			buildConfigurationList = 1CCD919917FED93C00F36560 /* Build configuration list for PBXNativeTarget "JenkinsTest" */;
			buildPhases = (
				1CCD916417FED93C00F36560 /* Sources */,
				1CCD916517FED93C00F36560 /* Frameworks */,
				1CCD916617FED93C00F36560 /* Resources */,
			);
			buildRules = (
			);
			dependencies = (
			);
			name = JenkinsTest;
			productName = JenkinsTest;
			productReference = 1CCD916817FED93C00F36560 /* JenkinsTest.app */;
			productType = "com.apple.product-type.application";
		};
/* End PBXNativeTarget section */

/* Begin PBXProject section */
		1CCD916017FED93C00F36560 /* Project object */ = {
			isa = PBXProject;
			attributes = {
				LastUpgradeCheck = 0460;
				ORGANIZATIONNAME = "Arcade Wizz Kid";
			};
			buildConfigurationList = 1CCD916317FED93C00F36560 /* Build configuration list for PBXProject "JenkinsTest" */;
			compatibilityVersion = "Xcode 3.2";
			developmentRegion = English;
			hasScannedForEncodings = 0;
			knownRegions = (
				en,
			);
			mainGroup = 1CCD915F17FED93C00F36560;
			productRefGroup = 1CCD916917FED93C00F36560 /* Products */;
			projectDirPath = "";
			projectRoot = "";
			targets = (
				1CCD916717FED93C00F36560 /* JenkinsTest */,
			);
		};
/* End PBXProject section */

/* Begin PBXResourcesBuildPhase section */
		1CCD916617FED93C00F36560 /* Resources */ = {
			isa = PBXResourcesBuildPhase;
			buildActionMask = 2147483647;
			files = (
				1CCD917617FED93C00F36560 /* InfoPlist.strings in Resources */,
				1CCD917E17FED93C00F36560 /* Default.png in Resources */,
				1CCD918017FED93C00F36560 /* Default@2x.png in Resources */,
				1CCD918217FED93C00F36560 /* Default-568h@2x.png in Resources */,
				1CCD918717FED93C00F36560 /* first.png in Resources */,
				1CCD918917FED93C00F36560 /* first@2x.png in Resources */,
				1CCD918E17FED93C00F36560 /* second.png in Resources */,
				1CCD919017FED93C00F36560 /* second@2x.png in Resources */,
				1CCD919317FED93C00F36560 /* FirstViewController.xib in Resources */,
				1CCD919617FED93C00F36560 /* SecondViewController.xib in Resources */,
			);
			runOnlyForDeploymentPostprocessing = 0;
		};
/* End PBXResourcesBuildPhase section */

/* Begin PBXSourcesBuildPhase section */
		1CCD916417FED93C00F36560 /* Sources */ = {
			isa = PBXSourcesBuildPhase;
			buildActionMask = 2147483647;
			files = (
				1CCD917817FED93C00F36560 /* main.m in Sources */,
				1CCD917C17FED93C00F36560 /* AppDelegate.m in Sources */,
				1CCD918517FED93C00F36560 /* FirstViewController.m in Sources */,
				1CCD918C17FED93C00F36560 /* SecondViewController.m in Sources */,
			);
			runOnlyForDeploymentPostprocessing = 0;
		};
/* End PBXSourcesBuildPhase section */

/* Begin PBXVariantGroup section */
		1CCD917417FED93C00F36560 /* InfoPlist.strings */ = {
			isa = PBXVariantGroup;
			children = (
				1CCD917517FED93C00F36560 /* en */,
			);
			name = InfoPlist.strings;
			sourceTree = "<group>";
		};
		1CCD919117FED93C00F36560 /* FirstViewController.xib */ = {
			isa = PBXVariantGroup;
			children = (
				1CCD919217FED93C00F36560 /* en */,
			);
			name = FirstViewController.xib;
			sourceTree = "<group>";
		};
		1CCD919417FED93C00F36560 /* SecondViewController.xib */ = {
			isa = PBXVariantGroup;
			children = (
				1CCD919517FED93C00F36560 /* en */,
			);
			name = SecondViewController.xib;
			sourceTree = "<group>";
		};
/* End PBXVariantGroup section */

/* Begin XCBuildConfiguration section */
		1CCD919717FED93C00F36560 /* Debug */ = {
			isa = XCBuildConfiguration;
			buildSettings = {
				ALWAYS_SEARCH_USER_PATHS = NO;
				CLANG_CXX_LANGUAGE_STANDARD = "gnu++0x";
				CLANG_CXX_LIBRARY = "libc++";
				CLANG_ENABLE_OBJC_ARC = YES;
				CLANG_WARN_CONSTANT_CONVERSION = YES;
				CLANG_WARN_EMPTY_BODY = YES;
				CLANG_WARN_ENUM_CONVERSION = YES;
				CLANG_WARN_INT_CONVERSION = YES;
				CLANG_WARN__DUPLICATE_METHOD_MATCH = YES;
				"CODE_SIGN_IDENTITY[sdk=iphoneos*]" = "iPhone Developer";
				COPY_PHASE_STRIP = NO;
				GCC_C_LANGUAGE_STANDARD = gnu99;
				GCC_DYNAMIC_NO_PIC = NO;
				GCC_OPTIMIZATION_LEVEL = 0;
				GCC_PREPROCESSOR_DEFINITIONS = (
					"DEBUG=1",
					"$(inherited)",
				);
				GCC_SYMBOLS_PRIVATE_EXTERN = NO;
				GCC_WARN_ABOUT_RETURN_TYPE = YES;
				GCC_WARN_UNINITIALIZED_AUTOS = YES;
				GCC_WARN_UNUSED_VARIABLE = YES;
				IPHONEOS_DEPLOYMENT_TARGET = 6.1;
				ONLY_ACTIVE_ARCH = YES;
				SDKROOT = iphoneos;
			};
			name = Debug;
		};
		1CCD919817FED93C00F36560 /* Release */ = {
			isa = XCBuildConfiguration;
			buildSettings = {
				ALWAYS_SEARCH_USER_PATHS = NO;
				CLANG_CXX_LANGUAGE_STANDARD = "gnu++0x";
				CLANG_CXX_LIBRARY = "libc++";
				CLANG_ENABLE_OBJC_ARC = YES;
				CLANG_WARN_CONSTANT_CONVERSION = YES;
				CLANG_WARN_EMPTY_BODY = YES;
				CLANG_WARN_ENUM_CONVERSION = YES;
				CLANG_WARN_INT_CONVERSION = YES;
				CLANG_WARN__DUPLICATE_METHOD_MATCH = YES;
				"CODE_SIGN_IDENTITY[sdk=iphoneos*]" = "iPhone Developer";
				COPY_PHASE_STRIP = YES;
				GCC_C_LANGUAGE_STANDARD = gnu99;
				GCC_WARN_ABOUT_RETURN_TYPE = YES;
				GCC_WARN_UNINITIALIZED_AUTOS = YES;
				GCC_WARN_UNUSED_VARIABLE = YES;
				IPHONEOS_DEPLOYMENT_TARGET = 6.1;
				OTHER_CFLAGS = "-DNS_BLOCK_ASSERTIONS=1";
				SDKROOT = iphoneos;
				VALIDATE_PRODUCT = YES;
			};
			name = Release;
		};
		1CCD919A17FED93C00F36560 /* Debug */ = {
			isa = XCBuildConfiguration;
			buildSettings = {
				GCC_PRECOMPILE_PREFIX_HEADER = YES;
				GCC_PREFIX_HEADER = "JenkinsTest/JenkinsTest-Prefix.pch";
				INFOPLIST_FILE = "JenkinsTest/JenkinsTest-Info.plist";
				PRODUCT_NAME = "$(TARGET_NAME)";
				WRAPPER_EXTENSION = app;
			};
			name = Debug;
		};
		1CCD919B17FED93C00F36560 /* Release */ = {
			isa = XCBuildConfiguration;
			buildSettings = {
				GCC_PRECOMPILE_PREFIX_HEADER = YES;
				GCC_PREFIX_HEADER = "JenkinsTest/JenkinsTest-Prefix.pch";
				INFOPLIST_FILE = "JenkinsTest/JenkinsTest-Info.plist";
				PRODUCT_NAME = "$(TARGET_NAME)";
				WRAPPER_EXTENSION = app;
			};
			name = Release;
		};
/* End XCBuildConfiguration section */

/* Begin XCConfigurationList section */
		1CCD916317FED93C00F36560 /* Build configuration list for PBXProject "JenkinsTest" */ = {
			isa = XCConfigurationList;
			buildConfigurations = (
				1CCD919717FED93C00F36560 /* Debug */,
				1CCD919817FED93C00F36560 /* Release */,
			);
			defaultConfigurationIsVisible = 0;
			defaultConfigurationName = Release;
		};
		1CCD919917FED93C00F36560 /* Build configuration list for PBXNativeTarget "JenkinsTest" */ = {
			isa = XCConfigurationList;
			buildConfigurations = (
				1CCD919A17FED93C00F36560 /* Debug */,
				1CCD919B17FED93C00F36560 /* Release */,
			);
			defaultConfigurationIsVisible = 0;
		};
/* End XCConfigurationList section */
	};
	rootObject = 1CCD916017FED93C00F36560 /* Project object */;
}
